{
    "_readme": [
        "This file locks the dependencies of your project to a known state",
        "Read more about it at https://getcomposer.org/doc/01-basic-usage.md#composer-lock-the-lock-file",
        "This file is @generated automatically"
    ],
    "hash": "65a5ef6a4cba70c59ba67bd18c1fab28",
    "packages": [
        {
            "name": "doctrine/cache",
            "version": "1.3.x-dev",
            "source": {
                "type": "git",
                "url": "https://github.com/doctrine/cache.git",
                "reference": "2196b831e62b04986a5c4d208a1b48e0680da369"
            },
            "dist": {
                "type": "zip",
                "url": "https://api.github.com/repos/doctrine/cache/zipball/2196b831e62b04986a5c4d208a1b48e0680da369",
                "reference": "2196b831e62b04986a5c4d208a1b48e0680da369",
                "shasum": ""
            },
            "require": {
                "php": ">=5.3.2"
            },
            "conflict": {
                "doctrine/common": ">2.2,<2.4"
            },
            "require-dev": {
                "phpunit/phpunit": ">=3.7",
                "satooshi/php-coveralls": "~0.6"
            },
            "type": "library",
            "extra": {
                "branch-alias": {
                    "dev-master": "1.4.x-dev"
                }
            },
            "autoload": {
                "psr-0": {
                    "Doctrine\\Common\\Cache\\": "lib/"
                }
            },
            "notification-url": "https://packagist.org/downloads/",
            "license": [
                "MIT"
            ],
            "authors": [
                {
                    "name": "Roman Borschel",
                    "email": "roman@code-factory.org"
                },
                {
                    "name": "Benjamin Eberlei",
                    "email": "kontakt@beberlei.de"
                },
                {
                    "name": "Guilherme Blanco",
                    "email": "guilhermeblanco@gmail.com"
                },
                {
                    "name": "Jonathan Wage",
                    "email": "jonwage@gmail.com"
                },
                {
                    "name": "Johannes Schmitt",
                    "email": "schmittjoh@gmail.com"
                }
            ],
            "description": "Caching library offering an object-oriented API for many cache backends",
            "homepage": "http://www.doctrine-project.org",
            "keywords": [
                "cache",
                "caching"
            ],
            "time": "2015-08-31 13:09:29"
        },
        {
            "name": "dunglas/php-socialshare",
            "version": "dev-master",
            "source": {
                "type": "git",
                "url": "https://github.com/dunglas/php-socialshare.git",
                "reference": "ff367cfd96a74f4851c21c6056054d96b1072c7b"
            },
            "dist": {
                "type": "zip",
                "url": "https://api.github.com/repos/dunglas/php-socialshare/zipball/ff367cfd96a74f4851c21c6056054d96b1072c7b",
                "reference": "ff367cfd96a74f4851c21c6056054d96b1072c7b",
                "shasum": ""
            },
            "require": {
                "doctrine/cache": "~1.3.0",
                "ext-json": "*",
                "php": ">=5.3"
            },
            "require-dev": {
                "phpspec/phpspec": "~2.0"
            },
            "type": "library",
            "autoload": {
                "psr-0": {
                    "SocialShare": "src/"
                }
            },
            "notification-url": "https://packagist.org/downloads/",
            "license": [
                "MIT"
            ],
            "authors": [
                {
                    "name": "Kévin Dunglas",
                    "email": "dunglas@gmail.com"
                }
            ],
            "description": "Retrieve social networks share counts and share links",
            "homepage": "http://dunglas.fr",
            "keywords": [
                "count",
                "share",
                "social"
            ],
            "time": "2015-04-03 08:30:15"
        }
    ],
    "packages-dev": [],
    "aliases": [],
    "minimum-stability": "dev",
    "stability-flags": {
        "dunglas/php-socialshare": 20
    },
    "prefer-stable": false,
    "prefer-lowest": false,
    "platform": {
        "php": ">=5.4.0"
    },
    "platform-dev": []
}
